Microsoft Visual Studio Solution File, Format Version 12.00
# Visual Studio Version 17
VisualStudioVersion = 17.5.2.0
MinimumVisualStudioVersion = 10.0.40219.1
Project("{FAE04EC0-301F-11D3-BF4B-00C04F79EFBC}") = "AzureMcp.Communication.LiveTests", "Azure.Mcp.Tools.Communication.LiveTests.csproj", "{42FA9CDF-F201-ACD7-14C3-C264BD98E6E0}"
EndProject
Global
	GlobalSection(SolutionConfigurationPlatforms) = preSolution
		Debug|Any CPU = Debug|Any CPU
		Release|Any CPU = Release|Any CPU
	EndGlobalSection
	GlobalSection(ProjectConfigurationPlatforms) = postSolution
		{42FA9CDF-F201-ACD7-14C3-C264BD98E6E0}.Debug|Any CPU.ActiveCfg = Debug|Any CPU
		{42FA9CDF-F201-ACD7-14C3-C264BD98E6E0}.Debug|Any CPU.Build.0 = Debug|Any CPU
		{42FA9CDF-F201-ACD7-14C3-C264BD98E6E0}.Release|Any CPU.ActiveCfg = Release|Any CPU
		{42FA9CDF-F201-ACD7-14C3-C264BD98E6E0}.Release|Any CPU.Build.0 = Release|Any CPU
	EndGlobalSection
	GlobalSection(SolutionProperties) = preSolution
		HideSolutionNode = FALSE
	EndGlobalSection
	GlobalSection(ExtensibilityGlobals) = postSolution
		SolutionGuid = {F05BB1A7-18AA-40A3-AA43-CFD0549A22CA}
	EndGlobalSection
EndGlobal
